
Microsoft Visual Studio Solution File, Format Version 12.00
# Visual Studio 15
VisualStudioVersion = 15.0.28010.2046
MinimumVisualStudioVersion = 10.0.40219.1
Project("{FAE04EC0-301F-11D3-BF4B-00C04F79EFBC}") = "Server", "Server\Server.csproj", "{99A36F25-8671-437D-A07E-321F48B2ADE3}"
EndProject
Project("{FAE04EC0-301F-11D3-BF4B-00C04F79EFBC}") = "Client", "Client\Client.csproj", "{FCC17C06-3AEF-4D0F-9D89-940E300A19CA}"
EndProject
Project("{FAE04EC0-301F-11D3-BF4B-00C04F79EFBC}") = "Login", "Login\Login.csproj", "{6059BC14-07D6-46C7-AE47-5FCE2008A23A}"
EndProject
Global
	GlobalSection(SolutionConfigurationPlatforms) = preSolution
		Debug|Any CPU = Debug|Any CPU
		Debug|ARM = Debug|ARM
		Debug|x64 = Debug|x64
		Debug|x86 = Debug|x86
		Release|Any CPU = Release|Any CPU
		Release|ARM = Release|ARM
		Release|x64 = Release|x64
		Release|x86 = Release|x86
	EndGlobalSection
	GlobalSection(ProjectConfigurationPlatforms) = postSolution
		{99A36F25-8671-437D-A07E-321F48B2ADE3}.Debug|Any CPU.ActiveCfg = Debug|Any CPU
		{99A36F25-8671-437D-A07E-321F48B2ADE3}.Debug|Any CPU.Build.0 = Debug|Any CPU
		{99A36F25-8671-437D-A07E-321F48B2ADE3}.Debug|ARM.ActiveCfg = Debug|Any CPU
		{99A36F25-8671-437D-A07E-321F48B2ADE3}.Debug|ARM.Build.0 = Debug|Any CPU
		{99A36F25-8671-437D-A07E-321F48B2ADE3}.Debug|x64.ActiveCfg = Debug|Any CPU
		{99A36F25-8671-437D-A07E-321F48B2ADE3}.Debug|x64.Build.0 = Debug|Any CPU
		{99A36F25-8671-437D-A07E-321F48B2ADE3}.Debug|x86.ActiveCfg = Debug|Any CPU
		{99A36F25-8671-437D-A07E-321F48B2ADE3}.Debug|x86.Build.0 = Debug|Any CPU
		{99A36F25-8671-437D-A07E-321F48B2ADE3}.Release|Any CPU.ActiveCfg = Release|Any CPU
		{99A36F25-8671-437D-A07E-321F48B2ADE3}.Release|Any CPU.Build.0 = Release|Any CPU
		{99A36F25-8671-437D-A07E-321F48B2ADE3}.Release|ARM.ActiveCfg = Release|Any CPU
		{99A36F25-8671-437D-A07E-321F48B2ADE3}.Release|ARM.Build.0 = Release|Any CPU
		{99A36F25-8671-437D-A07E-321F48B2ADE3}.Release|x64.ActiveCfg = Release|Any CPU
		{99A36F25-8671-437D-A07E-321F48B2ADE3}.Release|x64.Build.0 = Release|Any CPU
		{99A36F25-8671-437D-A07E-321F48B2ADE3}.Release|x86.ActiveCfg = Release|Any CPU
		{99A36F25-8671-437D-A07E-321F48B2ADE3}.Release|x86.Build.0 = Release|Any CPU
		{FCC17C06-3AEF-4D0F-9D89-940E300A19CA}.Debug|Any CPU.ActiveCfg = Debug|Any CPU
		{FCC17C06-3AEF-4D0F-9D89-940E300A19CA}.Debug|Any CPU.Build.0 = Debug|Any CPU
		{FCC17C06-3AEF-4D0F-9D89-940E300A19CA}.Debug|ARM.ActiveCfg = Debug|Any CPU
		{FCC17C06-3AEF-4D0F-9D89-940E300A19CA}.Debug|ARM.Build.0 = Debug|Any CPU
		{FCC17C06-3AEF-4D0F-9D89-940E300A19CA}.Debug|x64.ActiveCfg = Debug|Any CPU
		{FCC17C06-3AEF-4D0F-9D89-940E300A19CA}.Debug|x64.Build.0 = Debug|Any CPU
		{FCC17C06-3AEF-4D0F-9D89-940E300A19CA}.Debug|x86.ActiveCfg = Debug|Any CPU
		{FCC17C06-3AEF-4D0F-9D89-940E300A19CA}.Debug|x86.Build.0 = Debug|Any CPU
		{FCC17C06-3AEF-4D0F-9D89-940E300A19CA}.Release|Any CPU.ActiveCfg = Release|Any CPU
		{FCC17C06-3AEF-4D0F-9D89-940E300A19CA}.Release|Any CPU.Build.0 = Release|Any CPU
		{FCC17C06-3AEF-4D0F-9D89-940E300A19CA}.Release|ARM.ActiveCfg = Release|Any CPU
		{FCC17C06-3AEF-4D0F-9D89-940E300A19CA}.Release|ARM.Build.0 = Release|Any CPU
		{FCC17C06-3AEF-4D0F-9D89-940E300A19CA}.Release|x64.ActiveCfg = Release|Any CPU
		{FCC17C06-3AEF-4D0F-9D89-940E300A19CA}.Release|x64.Build.0 = Release|Any CPU
		{FCC17C06-3AEF-4D0F-9D89-940E300A19CA}.Release|x86.ActiveCfg = Release|Any CPU
		{FCC17C06-3AEF-4D0F-9D89-940E300A19CA}.Release|x86.Build.0 = Release|Any CPU
		{6059BC14-07D6-46C7-AE47-5FCE2008A23A}.Debug|Any CPU.ActiveCfg = Debug|Any CPU
		{6059BC14-07D6-46C7-AE47-5FCE2008A23A}.Debug|Any CPU.Build.0 = Debug|Any CPU
		{6059BC14-07D6-46C7-AE47-5FCE2008A23A}.Debug|ARM.ActiveCfg = Debug|Any CPU
		{6059BC14-07D6-46C7-AE47-5FCE2008A23A}.Debug|ARM.Build.0 = Debug|Any CPU
		{6059BC14-07D6-46C7-AE47-5FCE2008A23A}.Debug|x64.ActiveCfg = Debug|Any CPU
		{6059BC14-07D6-46C7-AE47-5FCE2008A23A}.Debug|x64.Build.0 = Debug|Any CPU
		{6059BC14-07D6-46C7-AE47-5FCE2008A23A}.Debug|x86.ActiveCfg = Debug|Any CPU
		{6059BC14-07D6-46C7-AE47-5FCE2008A23A}.Debug|x86.Build.0 = Debug|Any CPU
		{6059BC14-07D6-46C7-AE47-5FCE2008A23A}.Release|Any CPU.ActiveCfg = Release|Any CPU
		{6059BC14-07D6-46C7-AE47-5FCE2008A23A}.Release|Any CPU.Build.0 = Release|Any CPU
		{6059BC14-07D6-46C7-AE47-5FCE2008A23A}.Release|ARM.ActiveCfg = Release|Any CPU
		{6059BC14-07D6-46C7-AE47-5FCE2008A23A}.Release|ARM.Build.0 = Release|Any CPU
		{6059BC14-07D6-46C7-AE47-5FCE2008A23A}.Release|x64.ActiveCfg = Release|Any CPU
		{6059BC14-07D6-46C7-AE47-5FCE2008A23A}.Release|x64.Build.0 = Release|Any CPU
		{6059BC14-07D6-46C7-AE47-5FCE2008A23A}.Release|x86.ActiveCfg = Release|Any CPU
		{6059BC14-07D6-46C7-AE47-5FCE2008A23A}.Release|x86.Build.0 = Release|Any CPU
	EndGlobalSection
	GlobalSection(SolutionProperties) = preSolution
		HideSolutionNode = FALSE
	EndGlobalSection
	GlobalSection(ExtensibilityGlobals) = postSolution
		SolutionGuid = {C3831037-6C67-4F79-A70C-67D070F9AD1A}
	EndGlobalSection
EndGlobal
